
Microsoft Visual Studio Solution File, Format Version 12.00
# Visual Studio Version 17
VisualStudioVersion = 17.14.36202.13 d17.14
MinimumVisualStudioVersion = 10.0.40219.1
Project("{FAE04EC0-301F-11D3-BF4B-00C04F79EFBC}") = "InvoiceWebApp", "InvoiceWebApp.csproj", "{AF7F3CA6-5B8C-4A65-8243-4A8057E1EB6E}"
EndProject
Global
	GlobalSection(SolutionConfigurationPlatforms) = preSolution
		Debug|Any CPU = Debug|Any CPU
		Release|Any CPU = Release|Any CPU
	EndGlobalSection
	GlobalSection(ProjectConfigurationPlatforms) = postSolution
		{AF7F3CA6-5B8C-4A65-8243-4A8057E1EB6E}.Debug|Any CPU.ActiveCfg = Debug|Any CPU
		{AF7F3CA6-5B8C-4A65-8243-4A8057E1EB6E}.Debug|Any CPU.Build.0 = Debug|Any CPU
		{AF7F3CA6-5B8C-4A65-8243-4A8057E1EB6E}.Release|Any CPU.ActiveCfg = Release|Any CPU
		{AF7F3CA6-5B8C-4A65-8243-4A8057E1EB6E}.Release|Any CPU.Build.0 = Release|Any CPU
	EndGlobalSection
	GlobalSection(SolutionProperties) = preSolution
		HideSolutionNode = FALSE
	EndGlobalSection
	GlobalSection(ExtensibilityGlobals) = postSolution
		SolutionGuid = {53CF89D8-C175-42FF-BBB3-E55C3CE2A903}
	EndGlobalSection
EndGlobal
